// !$*UTF8*$!
{
	archiveVersion = 1;
	classes = {
	};
	objectVersion = 46;
	objects = {

/* Begin PBXBuildFile section */
		2B88EF28186F3D0300922387 /* BKTOptionCell.m in Sources */ = {isa = PBXBuildFile; fileRef = 2B88EF27186F3D0300922387 /* BKTOptionCell.m */; };
		2BDC27D4185F0DE900627E9A /* Foundation.framework in Frameworks */ = {isa = PBXBuildFile; fileRef = 2BDC27D3185F0DE900627E9A /* Foundation.framework */; };
		2BDC27D6185F0DE900627E9A /* CoreGraphics.framework in Frameworks */ = {isa = PBXBuildFile; fileRef = 2BDC27D5185F0DE900627E9A /* CoreGraphics.framework */; };
		2BDC27D8185F0DE900627E9A /* UIKit.framework in Frameworks */ = {isa = PBXBuildFile; fileRef = 2BDC27D7185F0DE900627E9A /* UIKit.framework */; };
		2BDC27DE185F0DE900627E9A /* InfoPlist.strings in Resources */ = {isa = PBXBuildFile; fileRef = 2BDC27DC185F0DE900627E9A /* InfoPlist.strings */; };
		2BDC27E0185F0DE900627E9A /* main.m in Sources */ = {isa = PBXBuildFile; fileRef = 2BDC27DF185F0DE900627E9A /* main.m */; };
		2BDC27E4185F0DE900627E9A /* BKTAppDelegate.m in Sources */ = {isa = PBXBuildFile; fileRef = 2BDC27E3185F0DE900627E9A /* BKTAppDelegate.m */; };
		2BDC27E7185F0DE900627E9A /* Main_iPhone.storyboard in Resources */ = {isa = PBXBuildFile; fileRef = 2BDC27E5185F0DE900627E9A /* Main_iPhone.storyboard */; };
		2BDC27EA185F0DE900627E9A /* BKTViewController.m in Sources */ = {isa = PBXBuildFile; fileRef = 2BDC27E9185F0DE900627E9A /* BKTViewController.m */; };
		2BDC27EC185F0DE900627E9A /* Images.xcassets in Resources */ = {isa = PBXBuildFile; fileRef = 2BDC27EB185F0DE900627E9A /* Images.xcassets */; };
		2BDC280B185F0E2600627E9A /* UIViewController+MaryPopin.m in Sources */ = {isa = PBXBuildFile; fileRef = 2BDC280A185F0E2600627E9A /* UIViewController+MaryPopin.m */; };
		2BDC280F185F106300627E9A /* BKTPopinControllerViewController.m in Sources */ = {isa = PBXBuildFile; fileRef = 2BDC280D185F106300627E9A /* BKTPopinControllerViewController.m */; };
		2BDC2810185F106300627E9A /* BKTPopinControllerViewController.xib in Resources */ = {isa = PBXBuildFile; fileRef = 2BDC280E185F106300627E9A /* BKTPopinControllerViewController.xib */; };
		2BE664442024FA0C004EC338 /* Launch Screen.storyboard in Resources */ = {isa = PBXBuildFile; fileRef = 2BE664432024FA0C004EC338 /* Launch Screen.storyboard */; };
		C2505F60188B28B400FC969F /* BKTiPadViewController.m in Sources */ = {isa = PBXBuildFile; fileRef = C2505F5F188B28B400FC969F /* BKTiPadViewController.m */; };
		C2505F63188B293200FC969F /* BKTiPadDetailsViewController.m in Sources */ = {isa = PBXBuildFile; fileRef = C2505F62188B293200FC969F /* BKTiPadDetailsViewController.m */; };
		C2505F66188B29D500FC969F /* BKTPopin2ControllerViewController.m in Sources */ = {isa = PBXBuildFile; fileRef = C2505F65188B29D500FC969F /* BKTPopin2ControllerViewController.m */; };
		C2505F68188B29E900FC969F /* BKTPopin2ControllerViewController.xib in Resources */ = {isa = PBXBuildFile; fileRef = C2505F67188B29E900FC969F /* BKTPopin2ControllerViewController.xib */; };
		C2ADB227188DC52D009EABDB /* Main_iPad.storyboard in Resources */ = {isa = PBXBuildFile; fileRef = C2ADB229188DC52D009EABDB /* Main_iPad.storyboard */; };
/* End PBXBuildFile section */

/* Begin PBXFileReference section */
		2B88EF26186F3D0300922387 /* BKTOptionCell.h */ = {isa = PBXFileReference; fileEncoding = 4; lastKnownFileType = sourcecode.c.h; path = BKTOptionCell.h; sourceTree = "<group>"; };
		2B88EF27186F3D0300922387 /* BKTOptionCell.m */ = {isa = PBXFileReference; fileEncoding = 4; lastKnownFileType = sourcecode.c.objc; path = BKTOptionCell.m; sourceTree = "<group>"; };
		2BDC27D0185F0DE900627E9A /* MaryPopinDemo.app */ = {isa = PBXFileReference; explicitFileType = wrapper.application; includeInIndex = 0; path = MaryPopinDemo.app; sourceTree = BUILT_PRODUCTS_DIR; };
		2BDC27D3185F0DE900627E9A /* Foundation.framework */ = {isa = PBXFileReference; lastKnownFileType = wrapper.framework; name = Foundation.framework; path = System/Library/Frameworks/Foundation.framework; sourceTree = SDKROOT; };
		2BDC27D5185F0DE900627E9A /* CoreGraphics.framework */ = {isa = PBXFileReference; lastKnownFileType = wrapper.framework; name = CoreGraphics.framework; path = System/Library/Frameworks/CoreGraphics.framework; sourceTree = SDKROOT; };
		2BDC27D7185F0DE900627E9A /* UIKit.framework */ = {isa = PBXFileReference; lastKnownFileType = wrapper.framework; name = UIKit.framework; path = System/Library/Frameworks/UIKit.framework; sourceTree = SDKROOT; };
		2BDC27DB185F0DE900627E9A /* MaryPopinDemo-Info.plist */ = {isa = PBXFileReference; lastKnownFileType = text.plist.xml; path = "MaryPopinDemo-Info.plist"; sourceTree = "<group>"; };
		2BDC27DD185F0DE900627E9A /* en */ = {isa = PBXFileReference; lastKnownFileType = text.plist.strings; name = en; path = en.lproj/InfoPlist.strings; sourceTree = "<group>"; };
		2BDC27DF185F0DE900627E9A /* main.m */ = {isa = PBXFileReference; lastKnownFileType = sourcecode.c.objc; path = main.m; sourceTree = "<group>"; };
		2BDC27E1185F0DE900627E9A /* MaryPopinDemo-Prefix.pch */ = {isa = PBXFileReference; lastKnownFileType = sourcecode.c.h; path = "MaryPopinDemo-Prefix.pch"; sourceTree = "<group>"; };
		2BDC27E2185F0DE900627E9A /* BKTAppDelegate.h */ = {isa = PBXFileReference; lastKnownFileType = sourcecode.c.h; path = BKTAppDelegate.h; sourceTree = "<group>"; };
		2BDC27E3185F0DE900627E9A /* BKTAppDelegate.m */ = {isa = PBXFileReference; lastKnownFileType = sourcecode.c.objc; path = BKTAppDelegate.m; sourceTree = "<group>"; };
		2BDC27E8185F0DE900627E9A /* BKTViewController.h */ = {isa = PBXFileReference; lastKnownFileType = sourcecode.c.h; path = BKTViewController.h; sourceTree = "<group>"; };
		2BDC27E9185F0DE900627E9A /* BKTViewController.m */ = {isa = PBXFileReference; lastKnownFileType = sourcecode.c.objc; path = BKTViewController.m; sourceTree = "<group>"; };
		2BDC27EB185F0DE900627E9A /* Images.xcassets */ = {isa = PBXFileReference; lastKnownFileType = folder.assetcatalog; path = Images.xcassets; sourceTree = "<group>"; };
		2BDC27F2185F0DE900627E9A /* XCTest.framework */ = {isa = PBXFileReference; lastKnownFileType = wrapper.framework; name = XCTest.framework; path = Library/Frameworks/XCTest.framework; sourceTree = DEVELOPER_DIR; };
		2BDC2809185F0E2600627E9A /* UIViewController+MaryPopin.h */ = {isa = PBXFileReference; fileEncoding = 4; lastKnownFileType = sourcecode.c.h; name = "UIViewController+MaryPopin.h"; path = "../MaryPopin/UIViewController+MaryPopin.h"; sourceTree = SOURCE_ROOT; };
		2BDC280A185F0E2600627E9A /* UIViewController+MaryPopin.m */ = {isa = PBXFileReference; fileEncoding = 4; lastKnownFileType = sourcecode.c.objc; name = "UIViewController+MaryPopin.m"; path = "../MaryPopin/UIViewController+MaryPopin.m"; sourceTree = SOURCE_ROOT; };
		2BDC280C185F106300627E9A /* BKTPopinControllerViewController.h */ = {isa = PBXFileReference; fileEncoding = 4; lastKnownFileType = sourcecode.c.h; path = BKTPopinControllerViewController.h; sourceTree = "<group>"; };
		2BDC280D185F106300627E9A /* BKTPopinControllerViewController.m */ = {isa = PBXFileReference; fileEncoding = 4; lastKnownFileType = sourcecode.c.objc; path = BKTPopinControllerViewController.m; sourceTree = "<group>"; };
		2BDC280E185F106300627E9A /* BKTPopinControllerViewController.xib */ = {isa = PBXFileReference; fileEncoding = 4; lastKnownFileType = file.xib; path = BKTPopinControllerViewController.xib; sourceTree = "<group>"; };
		2BE664432024FA0C004EC338 /* Launch Screen.storyboard */ = {isa = PBXFileReference; lastKnownFileType = file.storyboard; path = "Launch Screen.storyboard"; sourceTree = "<group>"; };
		C23FCA09187E89DE000B7EC0 /* en */ = {isa = PBXFileReference; lastKnownFileType = file.storyboard; name = en; path = en.lproj/Main_iPhone.storyboard; sourceTree = "<group>"; };
		C2505F5E188B28B400FC969F /* BKTiPadViewController.h */ = {isa = PBXFileReference; fileEncoding = 4; lastKnownFileType = sourcecode.c.h; path = BKTiPadViewController.h; sourceTree = "<group>"; };
		C2505F5F188B28B400FC969F /* BKTiPadViewController.m */ = {isa = PBXFileReference; fileEncoding = 4; lastKnownFileType = sourcecode.c.objc; path = BKTiPadViewController.m; sourceTree = "<group>"; };
		C2505F61188B293200FC969F /* BKTiPadDetailsViewController.h */ = {isa = PBXFileReference; fileEncoding = 4; lastKnownFileType = sourcecode.c.h; path = BKTiPadDetailsViewController.h; sourceTree = "<group>"; };
		C2505F62188B293200FC969F /* BKTiPadDetailsViewController.m */ = {isa = PBXFileReference; fileEncoding = 4; lastKnownFileType = sourcecode.c.objc; path = BKTiPadDetailsViewController.m; sourceTree = "<group>"; };
		C2505F64188B29D500FC969F /* BKTPopin2ControllerViewController.h */ = {isa = PBXFileReference; fileEncoding = 4; lastKnownFileType = sourcecode.c.h; path = BKTPopin2ControllerViewController.h; sourceTree = "<group>"; };
		C2505F65188B29D500FC969F /* BKTPopin2ControllerViewController.m */ = {isa = PBXFileReference; fileEncoding = 4; lastKnownFileType = sourcecode.c.objc; path = BKTPopin2ControllerViewController.m; sourceTree = "<group>"; };
		C2505F67188B29E900FC969F /* BKTPopin2ControllerViewController.xib */ = {isa = PBXFileReference; fileEncoding = 4; lastKnownFileType = file.xib; path = BKTPopin2ControllerViewController.xib; sourceTree = "<group>"; };
		C2ADB22D188DC7BE009EABDB /* en */ = {isa = PBXFileReference; lastKnownFileType = file.storyboard; name = en; path = en.lproj/Main_iPad.storyboard; sourceTree = "<group>"; };
/* End PBXFileReference section */

/* Begin PBXFrameworksBuildPhase section */
		2BDC27CD185F0DE900627E9A /* Frameworks */ = {
			isa = PBXFrameworksBuildPhase;
			buildActionMask = 2147483647;
			files = (
				2BDC27D6185F0DE900627E9A /* CoreGraphics.framework in Frameworks */,
				2BDC27D8185F0DE900627E9A /* UIKit.framework in Frameworks */,
				2BDC27D4185F0DE900627E9A /* Foundation.framework in Frameworks */,
			);
			runOnlyForDeploymentPostprocessing = 0;
		};
/* End PBXFrameworksBuildPhase section */

/* Begin PBXGroup section */
		2BDC27C7185F0DE900627E9A = {
			isa = PBXGroup;
			children = (
				2BDC27D9185F0DE900627E9A /* MaryPopinDemo */,
				2BDC27D2185F0DE900627E9A /* Frameworks */,
				2BDC27D1185F0DE900627E9A /* Products */,
			);
			sourceTree = "<group>";
		};
		2BDC27D1185F0DE900627E9A /* Products */ = {
			isa = PBXGroup;
			children = (
				2BDC27D0185F0DE900627E9A /* MaryPopinDemo.app */,
			);
			name = Products;
			sourceTree = "<group>";
		};
		2BDC27D2185F0DE900627E9A /* Frameworks */ = {
			isa = PBXGroup;
			children = (
				2BDC27D3185F0DE900627E9A /* Foundation.framework */,
				2BDC27D5185F0DE900627E9A /* CoreGraphics.framework */,
				2BDC27D7185F0DE900627E9A /* UIKit.framework */,
				2BDC27F2185F0DE900627E9A /* XCTest.framework */,
			);
			name = Frameworks;
			sourceTree = "<group>";
		};
		2BDC27D9185F0DE900627E9A /* MaryPopinDemo */ = {
			isa = PBXGroup;
			children = (
				2BDC2808185F0E1300627E9A /* MaryPopin */,
				2BDC27E2185F0DE900627E9A /* BKTAppDelegate.h */,
				2BDC27E3185F0DE900627E9A /* BKTAppDelegate.m */,
				C2ADB229188DC52D009EABDB /* Main_iPad.storyboard */,
				2BDC27E5185F0DE900627E9A /* Main_iPhone.storyboard */,
				C2505F5D188B268800FC969F /* iPad */,
				C2505F5C188B267700FC969F /* iPhone */,
				2BDC27EB185F0DE900627E9A /* Images.xcassets */,
				2BDC27DA185F0DE900627E9A /* Supporting Files */,
				2BE664432024FA0C004EC338 /* Launch Screen.storyboard */,
			);
			path = MaryPopinDemo;
			sourceTree = "<group>";
		};
		2BDC27DA185F0DE900627E9A /* Supporting Files */ = {
			isa = PBXGroup;
			children = (
				2BDC27DB185F0DE900627E9A /* MaryPopinDemo-Info.plist */,
				2BDC27DC185F0DE900627E9A /* InfoPlist.strings */,
				2BDC27DF185F0DE900627E9A /* main.m */,
				2BDC27E1185F0DE900627E9A /* MaryPopinDemo-Prefix.pch */,
			);
			name = "Supporting Files";
			sourceTree = "<group>";
		};
		2BDC2808185F0E1300627E9A /* MaryPopin */ = {
			isa = PBXGroup;
			children = (
				2BDC2809185F0E2600627E9A /* UIViewController+MaryPopin.h */,
				2BDC280A185F0E2600627E9A /* UIViewController+MaryPopin.m */,
			);
			name = MaryPopin;
			sourceTree = "<group>";
		};
		C2505F5C188B267700FC969F /* iPhone */ = {
			isa = PBXGroup;
			children = (
				2BDC27E8185F0DE900627E9A /* BKTViewController.h */,
				2BDC27E9185F0DE900627E9A /* BKTViewController.m */,
				2BDC280C185F106300627E9A /* BKTPopinControllerViewController.h */,
				2BDC280D185F106300627E9A /* BKTPopinControllerViewController.m */,
				2BDC280E185F106300627E9A /* BKTPopinControllerViewController.xib */,
				2B88EF26186F3D0300922387 /* BKTOptionCell.h */,
				2B88EF27186F3D0300922387 /* BKTOptionCell.m */,
			);
			name = iPhone;
			sourceTree = "<group>";
		};
		C2505F5D188B268800FC969F /* iPad */ = {
			isa = PBXGroup;
			children = (
				C2505F5E188B28B400FC969F /* BKTiPadViewController.h */,
				C2505F5F188B28B400FC969F /* BKTiPadViewController.m */,
				C2505F61188B293200FC969F /* BKTiPadDetailsViewController.h */,
				C2505F62188B293200FC969F /* BKTiPadDetailsViewController.m */,
				C2505F64188B29D500FC969F /* BKTPopin2ControllerViewController.h */,
				C2505F65188B29D500FC969F /* BKTPopin2ControllerViewController.m */,
				C2505F67188B29E900FC969F /* BKTPopin2ControllerViewController.xib */,
			);
			name = iPad;
			sourceTree = "<group>";
		};
/* End PBXGroup section */

/* Begin PBXNativeTarget section */
		2BDC27CF185F0DE900627E9A /* MaryPopinDemo */ = {
			isa = PBXNativeTarget;
			buildConfigurationList = 2BDC2802185F0DE900627E9A /* Build configuration list for PBXNativeTarget "MaryPopinDemo" */;
			buildPhases = (
				2BDC27CC185F0DE900627E9A /* Sources */,
				2BDC27CD185F0DE900627E9A /* Frameworks */,
				2BDC27CE185F0DE900627E9A /* Resources */,
			);
			buildRules = (
			);
			dependencies = (
			);
			name = MaryPopinDemo;
			productName = MaryPopinDemo;
			productReference = 2BDC27D0185F0DE900627E9A /* MaryPopinDemo.app */;
			productType = "com.apple.product-type.application";
		};
/* End PBXNativeTarget section */

/* Begin PBXProject section */
		2BDC27C8185F0DE900627E9A /* Project object */ = {
			isa = PBXProject;
			attributes = {
				CLASSPREFIX = BKT;
				LastUpgradeCheck = 0920;
				ORGANIZATIONNAME = Backelite;
			};
			buildConfigurationList = 2BDC27CB185F0DE900627E9A /* Build configuration list for PBXProject "MaryPopinDemo" */;
			compatibilityVersion = "Xcode 3.2";
			developmentRegion = English;
			hasScannedForEncodings = 0;
			knownRegions = (
				en,
				Base,
			);
			mainGroup = 2BDC27C7185F0DE900627E9A;
			productRefGroup = 2BDC27D1185F0DE900627E9A /* Products */;
			projectDirPath = "";
			projectRoot = "";
			targets = (
				2BDC27CF185F0DE900627E9A /* MaryPopinDemo */,
			);
		};
/* End PBXProject section */

/* Begin PBXResourcesBuildPhase section */
		2BDC27CE185F0DE900627E9A /* Resources */ = {
			isa = PBXResourcesBuildPhase;
			buildActionMask = 2147483647;
			files = (
				2BDC27EC185F0DE900627E9A /* Images.xcassets in Resources */,
				2BDC27DE185F0DE900627E9A /* InfoPlist.strings in Resources */,
				C2505F68188B29E900FC969F /* BKTPopin2ControllerViewController.xib in Resources */,
				C2ADB227188DC52D009EABDB /* Main_iPad.storyboard in Resources */,
				2BDC27E7185F0DE900627E9A /* Main_iPhone.storyboard in Resources */,
				2BDC2810185F106300627E9A /* BKTPopinControllerViewController.xib in Resources */,
				2BE664442024FA0C004EC338 /* Launch Screen.storyboard in Resources */,
			);
			runOnlyForDeploymentPostprocessing = 0;
		};
/* End PBXResourcesBuildPhase section */

/* Begin PBXSourcesBuildPhase section */
		2BDC27CC185F0DE900627E9A /* Sources */ = {
			isa = PBXSourcesBuildPhase;
			buildActionMask = 2147483647;
			files = (
				2BDC27E4185F0DE900627E9A /* BKTAppDelegate.m in Sources */,
				2BDC27E0185F0DE900627E9A /* main.m in Sources */,
				C2505F60188B28B400FC969F /* BKTiPadViewController.m in Sources */,
				2BDC280B185F0E2600627E9A /* UIViewController+MaryPopin.m in Sources */,
				2BDC27EA185F0DE900627E9A /* BKTViewController.m in Sources */,
				C2505F63188B293200FC969F /* BKTiPadDetailsViewController.m in Sources */,
				C2505F66188B29D500FC969F /* BKTPopin2ControllerViewController.m in Sources */,
				2B88EF28186F3D0300922387 /* BKTOptionCell.m in Sources */,
				2BDC280F185F106300627E9A /* BKTPopinControllerViewController.m in Sources */,
			);
			runOnlyForDeploymentPostprocessing = 0;
		};
/* End PBXSourcesBuildPhase section */

/* Begin PBXVariantGroup section */
		2BDC27DC185F0DE900627E9A /* InfoPlist.strings */ = {
			isa = PBXVariantGroup;
			children = (
				2BDC27DD185F0DE900627E9A /* en */,
			);
			name = InfoPlist.strings;
			sourceTree = "<group>";
		};
		2BDC27E5185F0DE900627E9A /* Main_iPhone.storyboard */ = {
			isa = PBXVariantGroup;
			children = (
				C23FCA09187E89DE000B7EC0 /* en */,
			);
			name = Main_iPhone.storyboard;
			sourceTree = "<group>";
		};
		C2ADB229188DC52D009EABDB /* Main_iPad.storyboard */ = {
			isa = PBXVariantGroup;
			children = (
				C2ADB22D188DC7BE009EABDB /* en */,
			);
			name = Main_iPad.storyboard;
			sourceTree = "<group>";
		};
/* End PBXVariantGroup section */

/* Begin XCBuildConfiguration section */
		2BDC2800185F0DE900627E9A /* Debug */ = {
			isa = XCBuildConfiguration;
			buildSettings = {
				ALWAYS_SEARCH_USER_PATHS = NO;
				CLANG_CXX_LANGUAGE_STANDARD = "gnu++0x";
				CLANG_CXX_LIBRARY = "libc++";
				CLANG_ENABLE_MODULES = YES;
				CLANG_ENABLE_OBJC_ARC = YES;
				CLANG_WARN_BLOCK_CAPTURE_AUTORELEASING = YES;
				CLANG_WARN_BOOL_CONVERSION = YES;
				CLANG_WARN_COMMA = YES;
				CLANG_WARN_CONSTANT_CONVERSION = YES;
				CLANG_WARN_DIRECT_OBJC_ISA_USAGE = YES_ERROR;
				CLANG_WARN_EMPTY_BODY = YES;
				CLANG_WARN_ENUM_CONVERSION = YES;
				CLANG_WARN_INFINITE_RECURSION = YES;
				CLANG_WARN_INT_CONVERSION = YES;
				CLANG_WARN_NON_LITERAL_NULL_CONVERSION = YES;
				CLANG_WARN_OBJC_LITERAL_CONVERSION = YES;
				CLANG_WARN_OBJC_ROOT_CLASS = YES_ERROR;
				CLANG_WARN_RANGE_LOOP_ANALYSIS = YES;
				CLANG_WARN_STRICT_PROTOTYPES = YES;
				CLANG_WARN_SUSPICIOUS_MOVE = YES;
				CLANG_WARN_UNREACHABLE_CODE = YES;
				CLANG_WARN__DUPLICATE_METHOD_MATCH = YES;
				"CODE_SIGN_IDENTITY[sdk=iphoneos*]" = "iPhone Developer";
				COPY_PHASE_STRIP = NO;
				ENABLE_STRICT_OBJC_MSGSEND = YES;
				ENABLE_TESTABILITY = YES;
				GCC_C_LANGUAGE_STANDARD = gnu99;
				GCC_DYNAMIC_NO_PIC = NO;
				GCC_NO_COMMON_BLOCKS = YES;
				GCC_OPTIMIZATION_LEVEL = 0;
				GCC_PREPROCESSOR_DEFINITIONS = (
					"DEBUG=1",
					"$(inherited)",
				);
				GCC_SYMBOLS_PRIVATE_EXTERN = NO;
				GCC_WARN_64_TO_32_BIT_CONVERSION = YES;
				GCC_WARN_ABOUT_RETURN_TYPE = YES_ERROR;
				GCC_WARN_UNDECLARED_SELECTOR = YES;
				GCC_WARN_UNINITIALIZED_AUTOS = YES;
				GCC_WARN_UNUSED_FUNCTION = YES;
				GCC_WARN_UNUSED_VARIABLE = YES;
				IPHONEOS_DEPLOYMENT_TARGET = 9.0;
				ONLY_ACTIVE_ARCH = YES;
				SDKROOT = iphoneos;
			};
			name = Debug;
		};
		2BDC2801185F0DE900627E9A /* Release */ = {
			isa = XCBuildConfiguration;
			buildSettings = {
				ALWAYS_SEARCH_USER_PATHS = NO;
				CLANG_CXX_LANGUAGE_STANDARD = "gnu++0x";
				CLANG_CXX_LIBRARY = "libc++";
				CLANG_ENABLE_MODULES = YES;
				CLANG_ENABLE_OBJC_ARC = YES;
				CLANG_WARN_BLOCK_CAPTURE_AUTORELEASING = YES;
				CLANG_WARN_BOOL_CONVERSION = YES;
				CLANG_WARN_COMMA = YES;
				CLANG_WARN_CONSTANT_CONVERSION = YES;
				CLANG_WARN_DIRECT_OBJC_ISA_USAGE = YES_ERROR;
				CLANG_WARN_EMPTY_BODY = YES;
				CLANG_WARN_ENUM_CONVERSION = YES;
				CLANG_WARN_INFINITE_RECURSION = YES;
				CLANG_WARN_INT_CONVERSION = YES;
				CLANG_WARN_NON_LITERAL_NULL_CONVERSION = YES;
				CLANG_WARN_OBJC_LITERAL_CONVERSION = YES;
				CLANG_WARN_OBJC_ROOT_CLASS = YES_ERROR;
				CLANG_WARN_RANGE_LOOP_ANALYSIS = YES;
				CLANG_WARN_STRICT_PROTOTYPES = YES;
				CLANG_WARN_SUSPICIOUS_MOVE = YES;
				CLANG_WARN_UNREACHABLE_CODE = YES;
				CLANG_WARN__DUPLICATE_METHOD_MATCH = YES;
				"CODE_SIGN_IDENTITY[sdk=iphoneos*]" = "iPhone Developer";
				COPY_PHASE_STRIP = YES;
				ENABLE_NS_ASSERTIONS = NO;
				ENABLE_STRICT_OBJC_MSGSEND = YES;
				GCC_C_LANGUAGE_STANDARD = gnu99;
				GCC_NO_COMMON_BLOCKS = YES;
				GCC_WARN_64_TO_32_BIT_CONVERSION = YES;
				GCC_WARN_ABOUT_RETURN_TYPE = YES_ERROR;
				GCC_WARN_UNDECLARED_SELECTOR = YES;
				GCC_WARN_UNINITIALIZED_AUTOS = YES;
				GCC_WARN_UNUSED_FUNCTION = YES;
				GCC_WARN_UNUSED_VARIABLE = YES;
				IPHONEOS_DEPLOYMENT_TARGET = 9.0;
				SDKROOT = iphoneos;
				VALIDATE_PRODUCT = YES;
			};
			name = Release;
		};
		2BDC2803185F0DE900627E9A /* Debug */ = {
			isa = XCBuildConfiguration;
			buildSettings = {
				ASSETCATALOG_COMPILER_APPICON_NAME = AppIcon;
				GCC_PRECOMPILE_PREFIX_HEADER = YES;
				GCC_PREFIX_HEADER = "MaryPopinDemo/MaryPopinDemo-Prefix.pch";
				INFOPLIST_FILE = "MaryPopinDemo/MaryPopinDemo-Info.plist";
				IPHONEOS_DEPLOYMENT_TARGET = 8.0;
				PRODUCT_BUNDLE_IDENTIFIER = "com.backelite.${PRODUCT_NAME:rfc1034identifier}";
				PRODUCT_NAME = "$(TARGET_NAME)";
				TARGETED_DEVICE_FAMILY = "1,2";
				WRAPPER_EXTENSION = app;
			};
			name = Debug;
		};
		2BDC2804185F0DE900627E9A /* Release */ = {
			isa = XCBuildConfiguration;
			buildSettings = {
				ASSETCATALOG_COMPILER_APPICON_NAME = AppIcon;
				GCC_PRECOMPILE_PREFIX_HEADER = YES;
				GCC_PREFIX_HEADER = "MaryPopinDemo/MaryPopinDemo-Prefix.pch";
				INFOPLIST_FILE = "MaryPopinDemo/MaryPopinDemo-Info.plist";
				IPHONEOS_DEPLOYMENT_TARGET = 8.0;
				PRODUCT_BUNDLE_IDENTIFIER = "com.backelite.${PRODUCT_NAME:rfc1034identifier}";
				PRODUCT_NAME = "$(TARGET_NAME)";
				TARGETED_DEVICE_FAMILY = "1,2";
				WRAPPER_EXTENSION = app;
			};
			name = Release;
		};
/* End XCBuildConfiguration section */

/* Begin XCConfigurationList section */
		2BDC27CB185F0DE900627E9A /* Build configuration list for PBXProject "MaryPopinDemo" */ = {
			isa = XCConfigurationList;
			buildConfigurations = (
				2BDC2800185F0DE900627E9A /* Debug */,
				2BDC2801185F0DE900627E9A /* Release */,
			);
			defaultConfigurationIsVisible = 0;
			defaultConfigurationName = Release;
		};
		2BDC2802185F0DE900627E9A /* Build configuration list for PBXNativeTarget "MaryPopinDemo" */ = {
			isa = XCConfigurationList;
			buildConfigurations = (
				2BDC2803185F0DE900627E9A /* Debug */,
				2BDC2804185F0DE900627E9A /* Release */,
			);
			defaultConfigurationIsVisible = 0;
			defaultConfigurationName = Release;
		};
/* End XCConfigurationList section */
	};
	rootObject = 2BDC27C8185F0DE900627E9A /* Project object */;
}
